
Microsoft Visual Studio Solution File, Format Version 12.00
# Visual Studio 15
VisualStudioVersion = 15.0.28010.2048
MinimumVisualStudioVersion = 10.0.40219.1
Project("{D2ABAB84-BF74-430A-B69E-9DC6D40DDA17}") = "Mining_Keya_Gandhii", "Mining_Keya_Gandhii\Mining_Keya_Gandhii.dwproj", "{12431892-EA1E-48C6-9293-B4095400F8A0}"
EndProject
Global
	GlobalSection(SolutionConfigurationPlatforms) = preSolution
		Development|Default = Development|Default
	EndGlobalSection
	GlobalSection(ProjectConfigurationPlatforms) = postSolution
		{12431892-EA1E-48C6-9293-B4095400F8A0}.Development|Default.ActiveCfg = Development
		{12431892-EA1E-48C6-9293-B4095400F8A0}.Development|Default.Build.0 = Development
		{12431892-EA1E-48C6-9293-B4095400F8A0}.Development|Default.Deploy.0 = Development
	EndGlobalSection
	GlobalSection(SolutionProperties) = preSolution
		HideSolutionNode = FALSE
	EndGlobalSection
	GlobalSection(ExtensibilityGlobals) = postSolution
		SolutionGuid = {F230F35E-D6D4-4469-A24F-689A9741F269}
	EndGlobalSection
EndGlobal
